
Microsoft Visual Studio Solution File, Format Version 12.00
# Visual Studio Version 17
VisualStudioVersion = 17.3.32819.101
MinimumVisualStudioVersion = 10.0.40219.1
Project("{FAE04EC0-301F-11D3-BF4B-00C04F79EFBC}") = "Inforce.NET", "Inforce.NET\Inforce.NET.csproj", "{874BF3EE-B4D0-45F8-A0FE-7A72EEF9CCF4}"
EndProject
Project("{FAE04EC0-301F-11D3-BF4B-00C04F79EFBC}") = "Inforce.NET.BLL", "Inforce.NET.BLL\Inforce.NET.BLL.csproj", "{698D593A-0EC2-49DA-821D-73F3279C150C}"
EndProject
Project("{FAE04EC0-301F-11D3-BF4B-00C04F79EFBC}") = "Inforce.NET.DAL", "Inforce.NET.DAL\Inforce.NET.DAL.csproj", "{6A8B4267-826B-4FD4-A30E-DA94127DCEDA}"
EndProject
Project("{FAE04EC0-301F-11D3-BF4B-00C04F79EFBC}") = "Inforce.NET.Common", "Inforce.NET.Common\Inforce.NET.Common.csproj", "{33B28476-E35A-49EC-8351-A230BB048673}"
EndProject
Global
	GlobalSection(SolutionConfigurationPlatforms) = preSolution
		Debug|Any CPU = Debug|Any CPU
		Release|Any CPU = Release|Any CPU
	EndGlobalSection
	GlobalSection(ProjectConfigurationPlatforms) = postSolution
		{874BF3EE-B4D0-45F8-A0FE-7A72EEF9CCF4}.Debug|Any CPU.ActiveCfg = Debug|Any CPU
		{874BF3EE-B4D0-45F8-A0FE-7A72EEF9CCF4}.Debug|Any CPU.Build.0 = Debug|Any CPU
		{874BF3EE-B4D0-45F8-A0FE-7A72EEF9CCF4}.Release|Any CPU.ActiveCfg = Release|Any CPU
		{874BF3EE-B4D0-45F8-A0FE-7A72EEF9CCF4}.Release|Any CPU.Build.0 = Release|Any CPU
		{698D593A-0EC2-49DA-821D-73F3279C150C}.Debug|Any CPU.ActiveCfg = Debug|Any CPU
		{698D593A-0EC2-49DA-821D-73F3279C150C}.Debug|Any CPU.Build.0 = Debug|Any CPU
		{698D593A-0EC2-49DA-821D-73F3279C150C}.Release|Any CPU.ActiveCfg = Release|Any CPU
		{698D593A-0EC2-49DA-821D-73F3279C150C}.Release|Any CPU.Build.0 = Release|Any CPU
		{6A8B4267-826B-4FD4-A30E-DA94127DCEDA}.Debug|Any CPU.ActiveCfg = Debug|Any CPU
		{6A8B4267-826B-4FD4-A30E-DA94127DCEDA}.Debug|Any CPU.Build.0 = Debug|Any CPU
		{6A8B4267-826B-4FD4-A30E-DA94127DCEDA}.Release|Any CPU.ActiveCfg = Release|Any CPU
		{6A8B4267-826B-4FD4-A30E-DA94127DCEDA}.Release|Any CPU.Build.0 = Release|Any CPU
		{33B28476-E35A-49EC-8351-A230BB048673}.Debug|Any CPU.ActiveCfg = Debug|Any CPU
		{33B28476-E35A-49EC-8351-A230BB048673}.Debug|Any CPU.Build.0 = Debug|Any CPU
		{33B28476-E35A-49EC-8351-A230BB048673}.Release|Any CPU.ActiveCfg = Release|Any CPU
		{33B28476-E35A-49EC-8351-A230BB048673}.Release|Any CPU.Build.0 = Release|Any CPU
	EndGlobalSection
	GlobalSection(SolutionProperties) = preSolution
		HideSolutionNode = FALSE
	EndGlobalSection
	GlobalSection(ExtensibilityGlobals) = postSolution
		SolutionGuid = {DAAE1E8F-A98C-465A-8952-A5DA4D2CDC18}
	EndGlobalSection
EndGlobal
